{
    "_meta": {
        "hash": {
            "sha256": "1b2c66bc7204047992de1ffbc62325d43db334a018ad7b0f142efa866a8bac66"
        },
        "pipfile-spec": 6,
        "requires": {
            "python_version": "3.12"
        },
        "sources": [
            {
                "name": "pypi",
                "url": "https://pypi.org/simple",
                "verify_ssl": true
            }
        ]
    },
    "default": {
        "peewee": {
            "hashes": [
                "sha256:e1b6a64192207fd3ddb4e1188054820f42aef0aadfa749e3981af3c119a76420"
            ],
            "index": "pypi",
            "version": "==3.17.5"
        }
    },
    "develop": {}
}
